<Solution>
  <Project Path="CsharpCollections/CsharpCollections.csproj" Id="4bcc0f68-7cb2-403a-8429-eb352be1e376" />
  <Project Path="CsharpFunctions/CsharpFunctions.csproj" Id="12110bec-73e7-40e0-9eab-c0a5e93624f9" />
  <Project Path="CsharpSession1/CsharpSession1.csproj" />
  <Project Path="CsharpSession2/CsharpSession2.csproj" Id="849731de-ae65-48ff-9691-750e03f41492" />
  <Project Path="OOP_Part1/OOP_Part1.csproj" Id="2b5bff04-5440-422a-a09f-2f503b1015ce" />
</Solution>
